// !$*UTF8*$!
{
	archiveVersion = 1;
	classes = {
	};
	objectVersion = 50;
	objects = {

/* Begin PBXBuildFile section */
		BF04A3D4216995AC00652254 /* MajorTableViewController.swift in Sources */ = {isa = PBXBuildFile; fileRef = BF04A3D3216995AC00652254 /* MajorTableViewController.swift */; };
		BF04A3D6216995D200652254 /* MajorTableViewCell.swift in Sources */ = {isa = PBXBuildFile; fileRef = BF04A3D5216995D200652254 /* MajorTableViewCell.swift */; };
		BF04A3D92169A64B00652254 /* Major.swift in Sources */ = {isa = PBXBuildFile; fileRef = BF04A3D82169A64B00652254 /* Major.swift */; };
		BF04A3DB2169AF2D00652254 /* DetailViewController.swift in Sources */ = {isa = PBXBuildFile; fileRef = BF04A3DA2169AF2D00652254 /* DetailViewController.swift */; };
		BF1E8079219226E600C7B932 /* AddMajorViewController.swift in Sources */ = {isa = PBXBuildFile; fileRef = BF1E8078219226E600C7B932 /* AddMajorViewController.swift */; };
		BFA81B40215F17350030F4C7 /* AppDelegate.swift in Sources */ = {isa = PBXBuildFile; fileRef = BFA81B3F215F17350030F4C7 /* AppDelegate.swift */; };
		BFA81B42215F17350030F4C7 /* ViewController.swift in Sources */ = {isa = PBXBuildFile; fileRef = BFA81B41215F17350030F4C7 /* ViewController.swift */; };
		BFA81B45215F17350030F4C7 /* Main.storyboard in Resources */ = {isa = PBXBuildFile; fileRef = BFA81B43215F17350030F4C7 /* Main.storyboard */; };
		BFA81B47215F17370030F4C7 /* Assets.xcassets in Resources */ = {isa = PBXBuildFile; fileRef = BFA81B46215F17370030F4C7 /* Assets.xcassets */; };
		BFA81B4A215F17370030F4C7 /* LaunchScreen.storyboard in Resources */ = {isa = PBXBuildFile; fileRef = BFA81B48215F17370030F4C7 /* LaunchScreen.storyboard */; };
		BFA81B55215F17370030F4C7 /* ToyTests.swift in Sources */ = {isa = PBXBuildFile; fileRef = BFA81B54215F17370030F4C7 /* ToyTests.swift */; };
		BFA81B60215F17370030F4C7 /* ToyUITests.swift in Sources */ = {isa = PBXBuildFile; fileRef = BFA81B5F215F17370030F4C7 /* ToyUITests.swift */; };
		BFD79490219225D000F02165 /* AddMajorTableViewCell.swift in Sources */ = {isa = PBXBuildFile; fileRef = BFD7948F219225D000F02165 /* AddMajorTableViewCell.swift */; };
/* End PBXBuildFile section */

/* Begin PBXContainerItemProxy section */
		BFA81B51215F17370030F4C7 /* PBXContainerItemProxy */ = {
			isa = PBXContainerItemProxy;
			containerPortal = BFA81B34215F17340030F4C7 /* Project object */;
			proxyType = 1;
			remoteGlobalIDString = BFA81B3B215F17350030F4C7;
			remoteInfo = Toy;
		};
		BFA81B5C215F17370030F4C7 /* PBXContainerItemProxy */ = {
			isa = PBXContainerItemProxy;
			containerPortal = BFA81B34215F17340030F4C7 /* Project object */;
			proxyType = 1;
			remoteGlobalIDString = BFA81B3B215F17350030F4C7;
			remoteInfo = Toy;
		};
/* End PBXContainerItemProxy section */

/* Begin PBXFileReference section */
		BF04A3D3216995AC00652254 /* MajorTableViewController.swift */ = {isa = PBXFileReference; lastKnownFileType = sourcecode.swift; path = MajorTableViewController.swift; sourceTree = "<group>"; };
		BF04A3D5216995D200652254 /* MajorTableViewCell.swift */ = {isa = PBXFileReference; lastKnownFileType = sourcecode.swift; path = MajorTableViewCell.swift; sourceTree = "<group>"; };
		BF04A3D82169A64B00652254 /* Major.swift */ = {isa = PBXFileReference; lastKnownFileType = sourcecode.swift; path = Major.swift; sourceTree = "<group>"; };
		BF04A3DA2169AF2D00652254 /* DetailViewController.swift */ = {isa = PBXFileReference; lastKnownFileType = sourcecode.swift; path = DetailViewController.swift; sourceTree = "<group>"; };
		BF1E8078219226E600C7B932 /* AddMajorViewController.swift */ = {isa = PBXFileReference; lastKnownFileType = sourcecode.swift; path = AddMajorViewController.swift; sourceTree = "<group>"; };
		BFA81B3C215F17350030F4C7 /* Toy.app */ = {isa = PBXFileReference; explicitFileType = wrapper.application; includeInIndex = 0; path = Toy.app; sourceTree = BUILT_PRODUCTS_DIR; };
		BFA81B3F215F17350030F4C7 /* AppDelegate.swift */ = {isa = PBXFileReference; lastKnownFileType = sourcecode.swift; path = AppDelegate.swift; sourceTree = "<group>"; };
		BFA81B41215F17350030F4C7 /* ViewController.swift */ = {isa = PBXFileReference; lastKnownFileType = sourcecode.swift; path = ViewController.swift; sourceTree = "<group>"; };
		BFA81B44215F17350030F4C7 /* Base */ = {isa = PBXFileReference; lastKnownFileType = file.storyboard; name = Base; path = Base.lproj/Main.storyboard; sourceTree = "<group>"; };
		BFA81B46215F17370030F4C7 /* Assets.xcassets */ = {isa = PBXFileReference; lastKnownFileType = folder.assetcatalog; path = Assets.xcassets; sourceTree = "<group>"; };
		BFA81B49215F17370030F4C7 /* Base */ = {isa = PBXFileReference; lastKnownFileType = file.storyboard; name = Base; path = Base.lproj/LaunchScreen.storyboard; sourceTree = "<group>"; };
		BFA81B4B215F17370030F4C7 /* Info.plist */ = {isa = PBXFileReference; lastKnownFileType = text.plist.xml; path = Info.plist; sourceTree = "<group>"; };
		BFA81B50215F17370030F4C7 /* ToyTests.xctest */ = {isa = PBXFileReference; explicitFileType = wrapper.cfbundle; includeInIndex = 0; path = ToyTests.xctest; sourceTree = BUILT_PRODUCTS_DIR; };
		BFA81B54215F17370030F4C7 /* ToyTests.swift */ = {isa = PBXFileReference; lastKnownFileType = sourcecode.swift; path = ToyTests.swift; sourceTree = "<group>"; };
		BFA81B56215F17370030F4C7 /* Info.plist */ = {isa = PBXFileReference; lastKnownFileType = text.plist.xml; path = Info.plist; sourceTree = "<group>"; };
		BFA81B5B215F17370030F4C7 /* ToyUITests.xctest */ = {isa = PBXFileReference; explicitFileType = wrapper.cfbundle; includeInIndex = 0; path = ToyUITests.xctest; sourceTree = BUILT_PRODUCTS_DIR; };
		BFA81B5F215F17370030F4C7 /* ToyUITests.swift */ = {isa = PBXFileReference; lastKnownFileType = sourcecode.swift; path = ToyUITests.swift; sourceTree = "<group>"; };
		BFA81B61215F17370030F4C7 /* Info.plist */ = {isa = PBXFileReference; lastKnownFileType = text.plist.xml; path = Info.plist; sourceTree = "<group>"; };
		BFD7948F219225D000F02165 /* AddMajorTableViewCell.swift */ = {isa = PBXFileReference; lastKnownFileType = sourcecode.swift; path = AddMajorTableViewCell.swift; sourceTree = "<group>"; };
/* End PBXFileReference section */

/* Begin PBXFrameworksBuildPhase section */
		BFA81B39215F17350030F4C7 /* Frameworks */ = {
			isa = PBXFrameworksBuildPhase;
			buildActionMask = 2147483647;
			files = (
			);
			runOnlyForDeploymentPostprocessing = 0;
		};
		BFA81B4D215F17370030F4C7 /* Frameworks */ = {
			isa = PBXFrameworksBuildPhase;
			buildActionMask = 2147483647;
			files = (
			);
			runOnlyForDeploymentPostprocessing = 0;
		};
		BFA81B58215F17370030F4C7 /* Frameworks */ = {
			isa = PBXFrameworksBuildPhase;
			buildActionMask = 2147483647;
			files = (
			);
			runOnlyForDeploymentPostprocessing = 0;
		};
/* End PBXFrameworksBuildPhase section */

/* Begin PBXGroup section */
		BF04A3D72169A62300652254 /* Models */ = {
			isa = PBXGroup;
			children = (
				BF04A3D82169A64B00652254 /* Major.swift */,
			);
			path = Models;
			sourceTree = "<group>";
		};
		BFA81B33215F17340030F4C7 = {
			isa = PBXGroup;
			children = (
				BFA81B3E215F17350030F4C7 /* Toy */,
				BFA81B53215F17370030F4C7 /* ToyTests */,
				BFA81B5E215F17370030F4C7 /* ToyUITests */,
				BFA81B3D215F17350030F4C7 /* Products */,
			);
			sourceTree = "<group>";
		};
		BFA81B3D215F17350030F4C7 /* Products */ = {
			isa = PBXGroup;
			children = (
				BFA81B3C215F17350030F4C7 /* Toy.app */,
				BFA81B50215F17370030F4C7 /* ToyTests.xctest */,
				BFA81B5B215F17370030F4C7 /* ToyUITests.xctest */,
			);
			name = Products;
			sourceTree = "<group>";
		};
		BFA81B3E215F17350030F4C7 /* Toy */ = {
			isa = PBXGroup;
			children = (
				BF04A3D72169A62300652254 /* Models */,
				BFA81B3F215F17350030F4C7 /* AppDelegate.swift */,
				BFA81B41215F17350030F4C7 /* ViewController.swift */,
				BFA81B43215F17350030F4C7 /* Main.storyboard */,
				BF04A3D3216995AC00652254 /* MajorTableViewController.swift */,
				BF04A3DA2169AF2D00652254 /* DetailViewController.swift */,
				BF04A3D5216995D200652254 /* MajorTableViewCell.swift */,
				BF1E8078219226E600C7B932 /* AddMajorViewController.swift */,
				BFD7948F219225D000F02165 /* AddMajorTableViewCell.swift */,
				BFA81B46215F17370030F4C7 /* Assets.xcassets */,
				BFA81B48215F17370030F4C7 /* LaunchScreen.storyboard */,
				BFA81B4B215F17370030F4C7 /* Info.plist */,
			);
			path = Toy;
			sourceTree = "<group>";
		};
		BFA81B53215F17370030F4C7 /* ToyTests */ = {
			isa = PBXGroup;
			children = (
				BFA81B54215F17370030F4C7 /* ToyTests.swift */,
				BFA81B56215F17370030F4C7 /* Info.plist */,
			);
			path = ToyTests;
			sourceTree = "<group>";
		};
		BFA81B5E215F17370030F4C7 /* ToyUITests */ = {
			isa = PBXGroup;
			children = (
				BFA81B5F215F17370030F4C7 /* ToyUITests.swift */,
				BFA81B61215F17370030F4C7 /* Info.plist */,
			);
			path = ToyUITests;
			sourceTree = "<group>";
		};
/* End PBXGroup section */

/* Begin PBXNativeTarget section */
		BFA81B3B215F17350030F4C7 /* Toy */ = {
			isa = PBXNativeTarget;
			buildConfigurationList = BFA81B64215F17370030F4C7 /* Build configuration list for PBXNativeTarget "Toy" */;
			buildPhases = (
				BFA81B38215F17350030F4C7 /* Sources */,
				BFA81B39215F17350030F4C7 /* Frameworks */,
				BFA81B3A215F17350030F4C7 /* Resources */,
			);
			buildRules = (
			);
			dependencies = (
			);
			name = Toy;
			productName = Toy;
			productReference = BFA81B3C215F17350030F4C7 /* Toy.app */;
			productType = "com.apple.product-type.application";
		};
		BFA81B4F215F17370030F4C7 /* ToyTests */ = {
			isa = PBXNativeTarget;
			buildConfigurationList = BFA81B67215F17370030F4C7 /* Build configuration list for PBXNativeTarget "ToyTests" */;
			buildPhases = (
				BFA81B4C215F17370030F4C7 /* Sources */,
				BFA81B4D215F17370030F4C7 /* Frameworks */,
				BFA81B4E215F17370030F4C7 /* Resources */,
			);
			buildRules = (
			);
			dependencies = (
				BFA81B52215F17370030F4C7 /* PBXTargetDependency */,
			);
			name = ToyTests;
			productName = ToyTests;
			productReference = BFA81B50215F17370030F4C7 /* ToyTests.xctest */;
			productType = "com.apple.product-type.bundle.unit-test";
		};
		BFA81B5A215F17370030F4C7 /* ToyUITests */ = {
			isa = PBXNativeTarget;
			buildConfigurationList = BFA81B6A215F17370030F4C7 /* Build configuration list for PBXNativeTarget "ToyUITests" */;
			buildPhases = (
				BFA81B57215F17370030F4C7 /* Sources */,
				BFA81B58215F17370030F4C7 /* Frameworks */,
				BFA81B59215F17370030F4C7 /* Resources */,
			);
			buildRules = (
			);
			dependencies = (
				BFA81B5D215F17370030F4C7 /* PBXTargetDependency */,
			);
			name = ToyUITests;
			productName = ToyUITests;
			productReference = BFA81B5B215F17370030F4C7 /* ToyUITests.xctest */;
			productType = "com.apple.product-type.bundle.ui-testing";
		};
/* End PBXNativeTarget section */

/* Begin PBXProject section */
		BFA81B34215F17340030F4C7 /* Project object */ = {
			isa = PBXProject;
			attributes = {
				LastSwiftUpdateCheck = 1000;
				LastUpgradeCheck = 1000;
				ORGANIZATIONNAME = "Carlton Segbefia";
				TargetAttributes = {
					BFA81B3B215F17350030F4C7 = {
						CreatedOnToolsVersion = 10.0;
					};
					BFA81B4F215F17370030F4C7 = {
						CreatedOnToolsVersion = 10.0;
						TestTargetID = BFA81B3B215F17350030F4C7;
					};
					BFA81B5A215F17370030F4C7 = {
						CreatedOnToolsVersion = 10.0;
						TestTargetID = BFA81B3B215F17350030F4C7;
					};
				};
			};
			buildConfigurationList = BFA81B37215F17340030F4C7 /* Build configuration list for PBXProject "Toy" */;
			compatibilityVersion = "Xcode 9.3";
			developmentRegion = en;
			hasScannedForEncodings = 0;
			knownRegions = (
				en,
				Base,
			);
			mainGroup = BFA81B33215F17340030F4C7;
			productRefGroup = BFA81B3D215F17350030F4C7 /* Products */;
			projectDirPath = "";
			projectRoot = "";
			targets = (
				BFA81B3B215F17350030F4C7 /* Toy */,
				BFA81B4F215F17370030F4C7 /* ToyTests */,
				BFA81B5A215F17370030F4C7 /* ToyUITests */,
			);
		};
/* End PBXProject section */

/* Begin PBXResourcesBuildPhase section */
		BFA81B3A215F17350030F4C7 /* Resources */ = {
			isa = PBXResourcesBuildPhase;
			buildActionMask = 2147483647;
			files = (
				BFA81B4A215F17370030F4C7 /* LaunchScreen.storyboard in Resources */,
				BFA81B47215F17370030F4C7 /* Assets.xcassets in Resources */,
				BFA81B45215F17350030F4C7 /* Main.storyboard in Resources */,
			);
			runOnlyForDeploymentPostprocessing = 0;
		};
		BFA81B4E215F17370030F4C7 /* Resources */ = {
			isa = PBXResourcesBuildPhase;
			buildActionMask = 2147483647;
			files = (
			);
			runOnlyForDeploymentPostprocessing = 0;
		};
		BFA81B59215F17370030F4C7 /* Resources */ = {
			isa = PBXResourcesBuildPhase;
			buildActionMask = 2147483647;
			files = (
			);
			runOnlyForDeploymentPostprocessing = 0;
		};
/* End PBXResourcesBuildPhase section */

/* Begin PBXSourcesBuildPhase section */
		BFA81B38215F17350030F4C7 /* Sources */ = {
			isa = PBXSourcesBuildPhase;
			buildActionMask = 2147483647;
			files = (
				BF1E8079219226E600C7B932 /* AddMajorViewController.swift in Sources */,
				BF04A3D4216995AC00652254 /* MajorTableViewController.swift in Sources */,
				BFA81B42215F17350030F4C7 /* ViewController.swift in Sources */,
				BFD79490219225D000F02165 /* AddMajorTableViewCell.swift in Sources */,
				BFA81B40215F17350030F4C7 /* AppDelegate.swift in Sources */,
				BF04A3DB2169AF2D00652254 /* DetailViewController.swift in Sources */,
				BF04A3D6216995D200652254 /* MajorTableViewCell.swift in Sources */,
				BF04A3D92169A64B00652254 /* Major.swift in Sources */,
			);
			runOnlyForDeploymentPostprocessing = 0;
		};
		BFA81B4C215F17370030F4C7 /* Sources */ = {
			isa = PBXSourcesBuildPhase;
			buildActionMask = 2147483647;
			files = (
				BFA81B55215F17370030F4C7 /* ToyTests.swift in Sources */,
			);
			runOnlyForDeploymentPostprocessing = 0;
		};
		BFA81B57215F17370030F4C7 /* Sources */ = {
			isa = PBXSourcesBuildPhase;
			buildActionMask = 2147483647;
			files = (
				BFA81B60215F17370030F4C7 /* ToyUITests.swift in Sources */,
			);
			runOnlyForDeploymentPostprocessing = 0;
		};
/* End PBXSourcesBuildPhase section */

/* Begin PBXTargetDependency section */
		BFA81B52215F17370030F4C7 /* PBXTargetDependency */ = {
			isa = PBXTargetDependency;
			target = BFA81B3B215F17350030F4C7 /* Toy */;
			targetProxy = BFA81B51215F17370030F4C7 /* PBXContainerItemProxy */;
		};
		BFA81B5D215F17370030F4C7 /* PBXTargetDependency */ = {
			isa = PBXTargetDependency;
			target = BFA81B3B215F17350030F4C7 /* Toy */;
			targetProxy = BFA81B5C215F17370030F4C7 /* PBXContainerItemProxy */;
		};
/* End PBXTargetDependency section */

/* Begin PBXVariantGroup section */
		BFA81B43215F17350030F4C7 /* Main.storyboard */ = {
			isa = PBXVariantGroup;
			children = (
				BFA81B44215F17350030F4C7 /* Base */,
			);
			name = Main.storyboard;
			sourceTree = "<group>";
		};
		BFA81B48215F17370030F4C7 /* LaunchScreen.storyboard */ = {
			isa = PBXVariantGroup;
			children = (
				BFA81B49215F17370030F4C7 /* Base */,
			);
			name = LaunchScreen.storyboard;
			sourceTree = "<group>";
		};
/* End PBXVariantGroup section */

/* Begin XCBuildConfiguration section */
		BFA81B62215F17370030F4C7 /* Debug */ = {
			isa = XCBuildConfiguration;
			buildSettings = {
				ALWAYS_SEARCH_USER_PATHS = NO;
				CLANG_ANALYZER_NONNULL = YES;
				CLANG_ANALYZER_NUMBER_OBJECT_CONVERSION = YES_AGGRESSIVE;
				CLANG_CXX_LANGUAGE_STANDARD = "gnu++14";
				CLANG_CXX_LIBRARY = "libc++";
				CLANG_ENABLE_MODULES = YES;
				CLANG_ENABLE_OBJC_ARC = YES;
				CLANG_ENABLE_OBJC_WEAK = YES;
				CLANG_WARN_BLOCK_CAPTURE_AUTORELEASING = YES;
				CLANG_WARN_BOOL_CONVERSION = YES;
				CLANG_WARN_COMMA = YES;
				CLANG_WARN_CONSTANT_CONVERSION = YES;
				CLANG_WARN_DEPRECATED_OBJC_IMPLEMENTATIONS = YES;
				CLANG_WARN_DIRECT_OBJC_ISA_USAGE = YES_ERROR;
				CLANG_WARN_DOCUMENTATION_COMMENTS = YES;
				CLANG_WARN_EMPTY_BODY = YES;
				CLANG_WARN_ENUM_CONVERSION = YES;
				CLANG_WARN_INFINITE_RECURSION = YES;
				CLANG_WARN_INT_CONVERSION = YES;
				CLANG_WARN_NON_LITERAL_NULL_CONVERSION = YES;
				CLANG_WARN_OBJC_IMPLICIT_RETAIN_SELF = YES;
				CLANG_WARN_OBJC_LITERAL_CONVERSION = YES;
				CLANG_WARN_OBJC_ROOT_CLASS = YES_ERROR;
				CLANG_WARN_RANGE_LOOP_ANALYSIS = YES;
				CLANG_WARN_STRICT_PROTOTYPES = YES;
				CLANG_WARN_SUSPICIOUS_MOVE = YES;
				CLANG_WARN_UNGUARDED_AVAILABILITY = YES_AGGRESSIVE;
				CLANG_WARN_UNREACHABLE_CODE = YES;
				CLANG_WARN__DUPLICATE_METHOD_MATCH = YES;
				CODE_SIGN_IDENTITY = "iPhone Developer";
				COPY_PHASE_STRIP = NO;
				DEBUG_INFORMATION_FORMAT = dwarf;
				ENABLE_STRICT_OBJC_MSGSEND = YES;
				ENABLE_TESTABILITY = YES;
				GCC_C_LANGUAGE_STANDARD = gnu11;
				GCC_DYNAMIC_NO_PIC = NO;
				GCC_NO_COMMON_BLOCKS = YES;
				GCC_OPTIMIZATION_LEVEL = 0;
				GCC_PREPROCESSOR_DEFINITIONS = (
					"DEBUG=1",
					"$(inherited)",
				);
				GCC_WARN_64_TO_32_BIT_CONVERSION = YES;
				GCC_WARN_ABOUT_RETURN_TYPE = YES_ERROR;
				GCC_WARN_UNDECLARED_SELECTOR = YES;
				GCC_WARN_UNINITIALIZED_AUTOS = YES_AGGRESSIVE;
				GCC_WARN_UNUSED_FUNCTION = YES;
				GCC_WARN_UNUSED_VARIABLE = YES;
				IPHONEOS_DEPLOYMENT_TARGET = 12.0;
				MTL_ENABLE_DEBUG_INFO = INCLUDE_SOURCE;
				MTL_FAST_MATH = YES;
				ONLY_ACTIVE_ARCH = YES;
				SDKROOT = iphoneos;
				SWIFT_ACTIVE_COMPILATION_CONDITIONS = DEBUG;
				SWIFT_OPTIMIZATION_LEVEL = "-Onone";
			};
			name = Debug;
		};
		BFA81B63215F17370030F4C7 /* Release */ = {
			isa = XCBuildConfiguration;
			buildSettings = {
				ALWAYS_SEARCH_USER_PATHS = NO;
				CLANG_ANALYZER_NONNULL = YES;
				CLANG_ANALYZER_NUMBER_OBJECT_CONVERSION = YES_AGGRESSIVE;
				CLANG_CXX_LANGUAGE_STANDARD = "gnu++14";
				CLANG_CXX_LIBRARY = "libc++";
				CLANG_ENABLE_MODULES = YES;
				CLANG_ENABLE_OBJC_ARC = YES;
				CLANG_ENABLE_OBJC_WEAK = YES;
				CLANG_WARN_BLOCK_CAPTURE_AUTORELEASING = YES;
				CLANG_WARN_BOOL_CONVERSION = YES;
				CLANG_WARN_COMMA = YES;
				CLANG_WARN_CONSTANT_CONVERSION = YES;
				CLANG_WARN_DEPRECATED_OBJC_IMPLEMENTATIONS = YES;
				CLANG_WARN_DIRECT_OBJC_ISA_USAGE = YES_ERROR;
				CLANG_WARN_DOCUMENTATION_COMMENTS = YES;
				CLANG_WARN_EMPTY_BODY = YES;
				CLANG_WARN_ENUM_CONVERSION = YES;
				CLANG_WARN_INFINITE_RECURSION = YES;
				CLANG_WARN_INT_CONVERSION = YES;
				CLANG_WARN_NON_LITERAL_NULL_CONVERSION = YES;
				CLANG_WARN_OBJC_IMPLICIT_RETAIN_SELF = YES;
				CLANG_WARN_OBJC_LITERAL_CONVERSION = YES;
				CLANG_WARN_OBJC_ROOT_CLASS = YES_ERROR;
				CLANG_WARN_RANGE_LOOP_ANALYSIS = YES;
				CLANG_WARN_STRICT_PROTOTYPES = YES;
				CLANG_WARN_SUSPICIOUS_MOVE = YES;
				CLANG_WARN_UNGUARDED_AVAILABILITY = YES_AGGRESSIVE;
				CLANG_WARN_UNREACHABLE_CODE = YES;
				CLANG_WARN__DUPLICATE_METHOD_MATCH = YES;
				CODE_SIGN_IDENTITY = "iPhone Developer";
				COPY_PHASE_STRIP = NO;
				DEBUG_INFORMATION_FORMAT = "dwarf-with-dsym";
				ENABLE_NS_ASSERTIONS = NO;
				ENABLE_STRICT_OBJC_MSGSEND = YES;
				GCC_C_LANGUAGE_STANDARD = gnu11;
				GCC_NO_COMMON_BLOCKS = YES;
				GCC_WARN_64_TO_32_BIT_CONVERSION = YES;
				GCC_WARN_ABOUT_RETURN_TYPE = YES_ERROR;
				GCC_WARN_UNDECLARED_SELECTOR = YES;
				GCC_WARN_UNINITIALIZED_AUTOS = YES_AGGRESSIVE;
				GCC_WARN_UNUSED_FUNCTION = YES;
				GCC_WARN_UNUSED_VARIABLE = YES;
				IPHONEOS_DEPLOYMENT_TARGET = 12.0;
				MTL_ENABLE_DEBUG_INFO = NO;
				MTL_FAST_MATH = YES;
				SDKROOT = iphoneos;
				SWIFT_COMPILATION_MODE = wholemodule;
				SWIFT_OPTIMIZATION_LEVEL = "-O";
				VALIDATE_PRODUCT = YES;
			};
			name = Release;
		};
		BFA81B65215F17370030F4C7 /* Debug */ = {
			isa = XCBuildConfiguration;
			buildSettings = {
				ASSETCATALOG_COMPILER_APPICON_NAME = AppIcon;
				CODE_SIGN_STYLE = Automatic;
				INFOPLIST_FILE = Toy/Info.plist;
				LD_RUNPATH_SEARCH_PATHS = (
					"$(inherited)",
					"@executable_path/Frameworks",
				);
				PRODUCT_BUNDLE_IDENTIFIER = appdev.com.Toy;
				PRODUCT_NAME = "$(TARGET_NAME)";
				SWIFT_VERSION = 4.2;
				TARGETED_DEVICE_FAMILY = "1,2";
			};
			name = Debug;
		};
		BFA81B66215F17370030F4C7 /* Release */ = {
			isa = XCBuildConfiguration;
			buildSettings = {
				ASSETCATALOG_COMPILER_APPICON_NAME = AppIcon;
				CODE_SIGN_STYLE = Automatic;
				INFOPLIST_FILE = Toy/Info.plist;
				LD_RUNPATH_SEARCH_PATHS = (
					"$(inherited)",
					"@executable_path/Frameworks",
				);
				PRODUCT_BUNDLE_IDENTIFIER = appdev.com.Toy;
				PRODUCT_NAME = "$(TARGET_NAME)";
				SWIFT_VERSION = 4.2;
				TARGETED_DEVICE_FAMILY = "1,2";
			};
			name = Release;
		};
		BFA81B68215F17370030F4C7 /* Debug */ = {
			isa = XCBuildConfiguration;
			buildSettings = {
				ALWAYS_EMBED_SWIFT_STANDARD_LIBRARIES = YES;
				BUNDLE_LOADER = "$(TEST_HOST)";
				CODE_SIGN_STYLE = Automatic;
				INFOPLIST_FILE = ToyTests/Info.plist;
				LD_RUNPATH_SEARCH_PATHS = (
					"$(inherited)",
					"@executable_path/Frameworks",
					"@loader_path/Frameworks",
				);
				PRODUCT_BUNDLE_IDENTIFIER = appdev.com.ToyTests;
				PRODUCT_NAME = "$(TARGET_NAME)";
				SWIFT_VERSION = 4.2;
				TARGETED_DEVICE_FAMILY = "1,2";
				TEST_HOST = "$(BUILT_PRODUCTS_DIR)/Toy.app/Toy";
			};
			name = Debug;
		};
		BFA81B69215F17370030F4C7 /* Release */ = {
			isa = XCBuildConfiguration;
			buildSettings = {
				ALWAYS_EMBED_SWIFT_STANDARD_LIBRARIES = YES;
				BUNDLE_LOADER = "$(TEST_HOST)";
				CODE_SIGN_STYLE = Automatic;
				INFOPLIST_FILE = ToyTests/Info.plist;
				LD_RUNPATH_SEARCH_PATHS = (
					"$(inherited)",
					"@executable_path/Frameworks",
					"@loader_path/Frameworks",
				);
				PRODUCT_BUNDLE_IDENTIFIER = appdev.com.ToyTests;
				PRODUCT_NAME = "$(TARGET_NAME)";
				SWIFT_VERSION = 4.2;
				TARGETED_DEVICE_FAMILY = "1,2";
				TEST_HOST = "$(BUILT_PRODUCTS_DIR)/Toy.app/Toy";
			};
			name = Release;
		};
		BFA81B6B215F17370030F4C7 /* Debug */ = {
			isa = XCBuildConfiguration;
			buildSettings = {
				ALWAYS_EMBED_SWIFT_STANDARD_LIBRARIES = YES;
				CODE_SIGN_STYLE = Automatic;
				INFOPLIST_FILE = ToyUITests/Info.plist;
				LD_RUNPATH_SEARCH_PATHS = (
					"$(inherited)",
					"@executable_path/Frameworks",
					"@loader_path/Frameworks",
				);
				PRODUCT_BUNDLE_IDENTIFIER = appdev.com.ToyUITests;
				PRODUCT_NAME = "$(TARGET_NAME)";
				SWIFT_VERSION = 4.2;
				TARGETED_DEVICE_FAMILY = "1,2";
				TEST_TARGET_NAME = Toy;
			};
			name = Debug;
		};
		BFA81B6C215F17370030F4C7 /* Release */ = {
			isa = XCBuildConfiguration;
			buildSettings = {
				ALWAYS_EMBED_SWIFT_STANDARD_LIBRARIES = YES;
				CODE_SIGN_STYLE = Automatic;
				INFOPLIST_FILE = ToyUITests/Info.plist;
				LD_RUNPATH_SEARCH_PATHS = (
					"$(inherited)",
					"@executable_path/Frameworks",
					"@loader_path/Frameworks",
				);
				PRODUCT_BUNDLE_IDENTIFIER = appdev.com.ToyUITests;
				PRODUCT_NAME = "$(TARGET_NAME)";
				SWIFT_VERSION = 4.2;
				TARGETED_DEVICE_FAMILY = "1,2";
				TEST_TARGET_NAME = Toy;
			};
			name = Release;
		};
/* End XCBuildConfiguration section */

/* Begin XCConfigurationList section */
		BFA81B37215F17340030F4C7 /* Build configuration list for PBXProject "Toy" */ = {
			isa = XCConfigurationList;
			buildConfigurations = (
				BFA81B62215F17370030F4C7 /* Debug */,
				BFA81B63215F17370030F4C7 /* Release */,
			);
			defaultConfigurationIsVisible = 0;
			defaultConfigurationName = Release;
		};
		BFA81B64215F17370030F4C7 /* Build configuration list for PBXNativeTarget "Toy" */ = {
			isa = XCConfigurationList;
			buildConfigurations = (
				BFA81B65215F17370030F4C7 /* Debug */,
				BFA81B66215F17370030F4C7 /* Release */,
			);
			defaultConfigurationIsVisible = 0;
			defaultConfigurationName = Release;
		};
		BFA81B67215F17370030F4C7 /* Build configuration list for PBXNativeTarget "ToyTests" */ = {
			isa = XCConfigurationList;
			buildConfigurations = (
				BFA81B68215F17370030F4C7 /* Debug */,
				BFA81B69215F17370030F4C7 /* Release */,
			);
			defaultConfigurationIsVisible = 0;
			defaultConfigurationName = Release;
		};
		BFA81B6A215F17370030F4C7 /* Build configuration list for PBXNativeTarget "ToyUITests" */ = {
			isa = XCConfigurationList;
			buildConfigurations = (
				BFA81B6B215F17370030F4C7 /* Debug */,
				BFA81B6C215F17370030F4C7 /* Release */,
			);
			defaultConfigurationIsVisible = 0;
			defaultConfigurationName = Release;
		};
/* End XCConfigurationList section */
	};
	rootObject = BFA81B34215F17340030F4C7 /* Project object */;
}
